
Microsoft Visual Studio Solution File, Format Version 11.00
# Visual Studio 2010
Project("{FAE04EC0-301F-11D3-BF4B-00C04F79EFBC}") = "Assembly-CSharp", "Assembly-CSharp.csproj", "{843D64D3-BBEE-1C6A-2BEE-460657EE6E8C}"
EndProject
Project("{FAE04EC0-301F-11D3-BF4B-00C04F79EFBC}") = "Assembly-CSharp-Editor", "Assembly-CSharp-Editor.csproj", "{AC0074E8-67ED-EE28-9CEC-EE235C750B18}"
EndProject
Global
	GlobalSection(SolutionConfigurationPlatforms) = preSolution
		Debug|Any CPU = Debug|Any CPU
		Release|Any CPU = Release|Any CPU
	EndGlobalSection
	GlobalSection(ProjectConfigurationPlatforms) = postSolution
		{843D64D3-BBEE-1C6A-2BEE-460657EE6E8C}.Debug|Any CPU.ActiveCfg = Debug|Any CPU
		{843D64D3-BBEE-1C6A-2BEE-460657EE6E8C}.Debug|Any CPU.Build.0 = Debug|Any CPU
		{843D64D3-BBEE-1C6A-2BEE-460657EE6E8C}.Release|Any CPU.ActiveCfg = Release|Any CPU
		{843D64D3-BBEE-1C6A-2BEE-460657EE6E8C}.Release|Any CPU.Build.0 = Release|Any CPU
		{AC0074E8-67ED-EE28-9CEC-EE235C750B18}.Debug|Any CPU.ActiveCfg = Debug|Any CPU
		{AC0074E8-67ED-EE28-9CEC-EE235C750B18}.Debug|Any CPU.Build.0 = Debug|Any CPU
		{AC0074E8-67ED-EE28-9CEC-EE235C750B18}.Release|Any CPU.ActiveCfg = Release|Any CPU
		{AC0074E8-67ED-EE28-9CEC-EE235C750B18}.Release|Any CPU.Build.0 = Release|Any CPU
	EndGlobalSection
	GlobalSection(SolutionProperties) = preSolution
		HideSolutionNode = FALSE
	EndGlobalSection
EndGlobal
